// !$*UTF8*$!
{
	archiveVersion = 1;
	classes = {
	};
	objectVersion = 50;
	objects = {

/* Begin PBXBuildFile section */
		3A52F9A2251CB84200A308AF /* AppDelegate.swift in Sources */ = {isa = PBXBuildFile; fileRef = 3A52F9A1251CB84200A308AF /* AppDelegate.swift */; };
		3A52F9A4251CB84200A308AF /* SceneDelegate.swift in Sources */ = {isa = PBXBuildFile; fileRef = 3A52F9A3251CB84200A308AF /* SceneDelegate.swift */; };
		3A52F9A6251CB84200A308AF /* ViewController.swift in Sources */ = {isa = PBXBuildFile; fileRef = 3A52F9A5251CB84200A308AF /* ViewController.swift */; };
		3A52F9A9251CB84200A308AF /* Main.storyboard in Resources */ = {isa = PBXBuildFile; fileRef = 3A52F9A7251CB84200A308AF /* Main.storyboard */; };
		3A52F9AC251CB84200A308AF /* TodoeyList.xcdatamodeld in Sources */ = {isa = PBXBuildFile; fileRef = 3A52F9AA251CB84200A308AF /* TodoeyList.xcdatamodeld */; };
		3A52F9AE251CB84500A308AF /* Assets.xcassets in Resources */ = {isa = PBXBuildFile; fileRef = 3A52F9AD251CB84500A308AF /* Assets.xcassets */; };
		3A52F9B1251CB84500A308AF /* LaunchScreen.storyboard in Resources */ = {isa = PBXBuildFile; fileRef = 3A52F9AF251CB84500A308AF /* LaunchScreen.storyboard */; };
/* End PBXBuildFile section */

/* Begin PBXFileReference section */
		3A52F99E251CB84200A308AF /* TodoeyList.app */ = {isa = PBXFileReference; explicitFileType = wrapper.application; includeInIndex = 0; path = TodoeyList.app; sourceTree = BUILT_PRODUCTS_DIR; };
		3A52F9A1251CB84200A308AF /* AppDelegate.swift */ = {isa = PBXFileReference; lastKnownFileType = sourcecode.swift; path = AppDelegate.swift; sourceTree = "<group>"; };
		3A52F9A3251CB84200A308AF /* SceneDelegate.swift */ = {isa = PBXFileReference; lastKnownFileType = sourcecode.swift; path = SceneDelegate.swift; sourceTree = "<group>"; };
		3A52F9A5251CB84200A308AF /* ViewController.swift */ = {isa = PBXFileReference; lastKnownFileType = sourcecode.swift; path = ViewController.swift; sourceTree = "<group>"; };
		3A52F9A8251CB84200A308AF /* Base */ = {isa = PBXFileReference; lastKnownFileType = file.storyboard; name = Base; path = Base.lproj/Main.storyboard; sourceTree = "<group>"; };
		3A52F9AB251CB84200A308AF /* TodoeyList.xcdatamodel */ = {isa = PBXFileReference; lastKnownFileType = wrapper.xcdatamodel; path = TodoeyList.xcdatamodel; sourceTree = "<group>"; };
		3A52F9AD251CB84500A308AF /* Assets.xcassets */ = {isa = PBXFileReference; lastKnownFileType = folder.assetcatalog; path = Assets.xcassets; sourceTree = "<group>"; };
		3A52F9B0251CB84500A308AF /* Base */ = {isa = PBXFileReference; lastKnownFileType = file.storyboard; name = Base; path = Base.lproj/LaunchScreen.storyboard; sourceTree = "<group>"; };
		3A52F9B2251CB84500A308AF /* Info.plist */ = {isa = PBXFileReference; lastKnownFileType = text.plist.xml; path = Info.plist; sourceTree = "<group>"; };
/* End PBXFileReference section */

/* Begin PBXFrameworksBuildPhase section */
		3A52F99B251CB84200A308AF /* Frameworks */ = {
			isa = PBXFrameworksBuildPhase;
			buildActionMask = 2147483647;
			files = (
			);
			runOnlyForDeploymentPostprocessing = 0;
		};
/* End PBXFrameworksBuildPhase section */

/* Begin PBXGroup section */
		3A52F995251CB84200A308AF = {
			isa = PBXGroup;
			children = (
				3A52F9A0251CB84200A308AF /* TodoeyList */,
				3A52F99F251CB84200A308AF /* Products */,
			);
			sourceTree = "<group>";
		};
		3A52F99F251CB84200A308AF /* Products */ = {
			isa = PBXGroup;
			children = (
				3A52F99E251CB84200A308AF /* TodoeyList.app */,
			);
			name = Products;
			sourceTree = "<group>";
		};
		3A52F9A0251CB84200A308AF /* TodoeyList */ = {
			isa = PBXGroup;
			children = (
				3A52F9A1251CB84200A308AF /* AppDelegate.swift */,
				3A52F9A3251CB84200A308AF /* SceneDelegate.swift */,
				3A52F9A5251CB84200A308AF /* ViewController.swift */,
				3A52F9A7251CB84200A308AF /* Main.storyboard */,
				3A52F9AD251CB84500A308AF /* Assets.xcassets */,
				3A52F9AF251CB84500A308AF /* LaunchScreen.storyboard */,
				3A52F9B2251CB84500A308AF /* Info.plist */,
				3A52F9AA251CB84200A308AF /* TodoeyList.xcdatamodeld */,
			);
			path = TodoeyList;
			sourceTree = "<group>";
		};
/* End PBXGroup section */

/* Begin PBXNativeTarget section */
		3A52F99D251CB84200A308AF /* TodoeyList */ = {
			isa = PBXNativeTarget;
			buildConfigurationList = 3A52F9B5251CB84500A308AF /* Build configuration list for PBXNativeTarget "TodoeyList" */;
			buildPhases = (
				3A52F99A251CB84200A308AF /* Sources */,
				3A52F99B251CB84200A308AF /* Frameworks */,
				3A52F99C251CB84200A308AF /* Resources */,
			);
			buildRules = (
			);
			dependencies = (
			);
			name = TodoeyList;
			productName = TodoeyList;
			productReference = 3A52F99E251CB84200A308AF /* TodoeyList.app */;
			productType = "com.apple.product-type.application";
		};
/* End PBXNativeTarget section */

/* Begin PBXProject section */
		3A52F996251CB84200A308AF /* Project object */ = {
			isa = PBXProject;
			attributes = {
				LastSwiftUpdateCheck = 1150;
				LastUpgradeCheck = 1150;
				ORGANIZATIONNAME = "Harsh Patel";
				TargetAttributes = {
					3A52F99D251CB84200A308AF = {
						CreatedOnToolsVersion = 11.5;
					};
				};
			};
			buildConfigurationList = 3A52F999251CB84200A308AF /* Build configuration list for PBXProject "TodoeyList" */;
			compatibilityVersion = "Xcode 9.3";
			developmentRegion = en;
			hasScannedForEncodings = 0;
			knownRegions = (
				en,
				Base,
			);
			mainGroup = 3A52F995251CB84200A308AF;
			productRefGroup = 3A52F99F251CB84200A308AF /* Products */;
			projectDirPath = "";
			projectRoot = "";
			targets = (
				3A52F99D251CB84200A308AF /* TodoeyList */,
			);
		};
/* End PBXProject section */

/* Begin PBXResourcesBuildPhase section */
		3A52F99C251CB84200A308AF /* Resources */ = {
			isa = PBXResourcesBuildPhase;
			buildActionMask = 2147483647;
			files = (
				3A52F9B1251CB84500A308AF /* LaunchScreen.storyboard in Resources */,
				3A52F9AE251CB84500A308AF /* Assets.xcassets in Resources */,
				3A52F9A9251CB84200A308AF /* Main.storyboard in Resources */,
			);
			runOnlyForDeploymentPostprocessing = 0;
		};
/* End PBXResourcesBuildPhase section */

/* Begin PBXSourcesBuildPhase section */
		3A52F99A251CB84200A308AF /* Sources */ = {
			isa = PBXSourcesBuildPhase;
			buildActionMask = 2147483647;
			files = (
				3A52F9A6251CB84200A308AF /* ViewController.swift in Sources */,
				3A52F9A2251CB84200A308AF /* AppDelegate.swift in Sources */,
				3A52F9A4251CB84200A308AF /* SceneDelegate.swift in Sources */,
				3A52F9AC251CB84200A308AF /* TodoeyList.xcdatamodeld in Sources */,
			);
			runOnlyForDeploymentPostprocessing = 0;
		};
/* End PBXSourcesBuildPhase section */

/* Begin PBXVariantGroup section */
		3A52F9A7251CB84200A308AF /* Main.storyboard */ = {
			isa = PBXVariantGroup;
			children = (
				3A52F9A8251CB84200A308AF /* Base */,
			);
			name = Main.storyboard;
			sourceTree = "<group>";
		};
		3A52F9AF251CB84500A308AF /* LaunchScreen.storyboard */ = {
			isa = PBXVariantGroup;
			children = (
				3A52F9B0251CB84500A308AF /* Base */,
			);
			name = LaunchScreen.storyboard;
			sourceTree = "<group>";
		};
/* End PBXVariantGroup section */

/* Begin XCBuildConfiguration section */
		3A52F9B3251CB84500A308AF /* Debug */ = {
			isa = XCBuildConfiguration;
			buildSettings = {
				ALWAYS_SEARCH_USER_PATHS = NO;
				CLANG_ANALYZER_NONNULL = YES;
				CLANG_ANALYZER_NUMBER_OBJECT_CONVERSION = YES_AGGRESSIVE;
				CLANG_CXX_LANGUAGE_STANDARD = "gnu++14";
				CLANG_CXX_LIBRARY = "libc++";
				CLANG_ENABLE_MODULES = YES;
				CLANG_ENABLE_OBJC_ARC = YES;
				CLANG_ENABLE_OBJC_WEAK = YES;
				CLANG_WARN_BLOCK_CAPTURE_AUTORELEASING = YES;
				CLANG_WARN_BOOL_CONVERSION = YES;
				CLANG_WARN_COMMA = YES;
				CLANG_WARN_CONSTANT_CONVERSION = YES;
				CLANG_WARN_DEPRECATED_OBJC_IMPLEMENTATIONS = YES;
				CLANG_WARN_DIRECT_OBJC_ISA_USAGE = YES_ERROR;
				CLANG_WARN_DOCUMENTATION_COMMENTS = YES;
				CLANG_WARN_EMPTY_BODY = YES;
				CLANG_WARN_ENUM_CONVERSION = YES;
				CLANG_WARN_INFINITE_RECURSION = YES;
				CLANG_WARN_INT_CONVERSION = YES;
				CLANG_WARN_NON_LITERAL_NULL_CONVERSION = YES;
				CLANG_WARN_OBJC_IMPLICIT_RETAIN_SELF = YES;
				CLANG_WARN_OBJC_LITERAL_CONVERSION = YES;
				CLANG_WARN_OBJC_ROOT_CLASS = YES_ERROR;
				CLANG_WARN_RANGE_LOOP_ANALYSIS = YES;
				CLANG_WARN_STRICT_PROTOTYPES = YES;
				CLANG_WARN_SUSPICIOUS_MOVE = YES;
				CLANG_WARN_UNGUARDED_AVAILABILITY = YES_AGGRESSIVE;
				CLANG_WARN_UNREACHABLE_CODE = YES;
				CLANG_WARN__DUPLICATE_METHOD_MATCH = YES;
				COPY_PHASE_STRIP = NO;
				DEBUG_INFORMATION_FORMAT = dwarf;
				ENABLE_STRICT_OBJC_MSGSEND = YES;
				ENABLE_TESTABILITY = YES;
				GCC_C_LANGUAGE_STANDARD = gnu11;
				GCC_DYNAMIC_NO_PIC = NO;
				GCC_NO_COMMON_BLOCKS = YES;
				GCC_OPTIMIZATION_LEVEL = 0;
				GCC_PREPROCESSOR_DEFINITIONS = (
					"DEBUG=1",
					"$(inherited)",
				);
				GCC_WARN_64_TO_32_BIT_CONVERSION = YES;
				GCC_WARN_ABOUT_RETURN_TYPE = YES_ERROR;
				GCC_WARN_UNDECLARED_SELECTOR = YES;
				GCC_WARN_UNINITIALIZED_AUTOS = YES_AGGRESSIVE;
				GCC_WARN_UNUSED_FUNCTION = YES;
				GCC_WARN_UNUSED_VARIABLE = YES;
				IPHONEOS_DEPLOYMENT_TARGET = 13.5;
				MTL_ENABLE_DEBUG_INFO = INCLUDE_SOURCE;
				MTL_FAST_MATH = YES;
				ONLY_ACTIVE_ARCH = YES;
				SDKROOT = iphoneos;
				SWIFT_ACTIVE_COMPILATION_CONDITIONS = DEBUG;
				SWIFT_OPTIMIZATION_LEVEL = "-Onone";
			};
			name = Debug;
		};
		3A52F9B4251CB84500A308AF /* Release */ = {
			isa = XCBuildConfiguration;
			buildSettings = {
				ALWAYS_SEARCH_USER_PATHS = NO;
				CLANG_ANALYZER_NONNULL = YES;
				CLANG_ANALYZER_NUMBER_OBJECT_CONVERSION = YES_AGGRESSIVE;
				CLANG_CXX_LANGUAGE_STANDARD = "gnu++14";
				CLANG_CXX_LIBRARY = "libc++";
				CLANG_ENABLE_MODULES = YES;
				CLANG_ENABLE_OBJC_ARC = YES;
				CLANG_ENABLE_OBJC_WEAK = YES;
				CLANG_WARN_BLOCK_CAPTURE_AUTORELEASING = YES;
				CLANG_WARN_BOOL_CONVERSION = YES;
				CLANG_WARN_COMMA = YES;
				CLANG_WARN_CONSTANT_CONVERSION = YES;
				CLANG_WARN_DEPRECATED_OBJC_IMPLEMENTATIONS = YES;
				CLANG_WARN_DIRECT_OBJC_ISA_USAGE = YES_ERROR;
				CLANG_WARN_DOCUMENTATION_COMMENTS = YES;
				CLANG_WARN_EMPTY_BODY = YES;
				CLANG_WARN_ENUM_CONVERSION = YES;
				CLANG_WARN_INFINITE_RECURSION = YES;
				CLANG_WARN_INT_CONVERSION = YES;
				CLANG_WARN_NON_LITERAL_NULL_CONVERSION = YES;
				CLANG_WARN_OBJC_IMPLICIT_RETAIN_SELF = YES;
				CLANG_WARN_OBJC_LITERAL_CONVERSION = YES;
				CLANG_WARN_OBJC_ROOT_CLASS = YES_ERROR;
				CLANG_WARN_RANGE_LOOP_ANALYSIS = YES;
				CLANG_WARN_STRICT_PROTOTYPES = YES;
				CLANG_WARN_SUSPICIOUS_MOVE = YES;
				CLANG_WARN_UNGUARDED_AVAILABILITY = YES_AGGRESSIVE;
				CLANG_WARN_UNREACHABLE_CODE = YES;
				CLANG_WARN__DUPLICATE_METHOD_MATCH = YES;
				COPY_PHASE_STRIP = NO;
				DEBUG_INFORMATION_FORMAT = "dwarf-with-dsym";
				ENABLE_NS_ASSERTIONS = NO;
				ENABLE_STRICT_OBJC_MSGSEND = YES;
				GCC_C_LANGUAGE_STANDARD = gnu11;
				GCC_NO_COMMON_BLOCKS = YES;
				GCC_WARN_64_TO_32_BIT_CONVERSION = YES;
				GCC_WARN_ABOUT_RETURN_TYPE = YES_ERROR;
				GCC_WARN_UNDECLARED_SELECTOR = YES;
				GCC_WARN_UNINITIALIZED_AUTOS = YES_AGGRESSIVE;
				GCC_WARN_UNUSED_FUNCTION = YES;
				GCC_WARN_UNUSED_VARIABLE = YES;
				IPHONEOS_DEPLOYMENT_TARGET = 13.5;
				MTL_ENABLE_DEBUG_INFO = NO;
				MTL_FAST_MATH = YES;
				SDKROOT = iphoneos;
				SWIFT_COMPILATION_MODE = wholemodule;
				SWIFT_OPTIMIZATION_LEVEL = "-O";
				VALIDATE_PRODUCT = YES;
			};
			name = Release;
		};
		3A52F9B6251CB84500A308AF /* Debug */ = {
			isa = XCBuildConfiguration;
			buildSettings = {
				ASSETCATALOG_COMPILER_APPICON_NAME = AppIcon;
				CODE_SIGN_STYLE = Automatic;
				DEVELOPMENT_TEAM = 379AJZM28H;
				INFOPLIST_FILE = TodoeyList/Info.plist;
				LD_RUNPATH_SEARCH_PATHS = (
					"$(inherited)",
					"@executable_path/Frameworks",
				);
				PRODUCT_BUNDLE_IDENTIFIER = com.harshpatel.TodoeyList;
				PRODUCT_NAME = "$(TARGET_NAME)";
				SWIFT_VERSION = 5.0;
				TARGETED_DEVICE_FAMILY = "1,2";
			};
			name = Debug;
		};
		3A52F9B7251CB84500A308AF /* Release */ = {
			isa = XCBuildConfiguration;
			buildSettings = {
				ASSETCATALOG_COMPILER_APPICON_NAME = AppIcon;
				CODE_SIGN_STYLE = Automatic;
				DEVELOPMENT_TEAM = 379AJZM28H;
				INFOPLIST_FILE = TodoeyList/Info.plist;
				LD_RUNPATH_SEARCH_PATHS = (
					"$(inherited)",
					"@executable_path/Frameworks",
				);
				PRODUCT_BUNDLE_IDENTIFIER = com.harshpatel.TodoeyList;
				PRODUCT_NAME = "$(TARGET_NAME)";
				SWIFT_VERSION = 5.0;
				TARGETED_DEVICE_FAMILY = "1,2";
			};
			name = Release;
		};
/* End XCBuildConfiguration section */

/* Begin XCConfigurationList section */
		3A52F999251CB84200A308AF /* Build configuration list for PBXProject "TodoeyList" */ = {
			isa = XCConfigurationList;
			buildConfigurations = (
				3A52F9B3251CB84500A308AF /* Debug */,
				3A52F9B4251CB84500A308AF /* Release */,
			);
			defaultConfigurationIsVisible = 0;
			defaultConfigurationName = Release;
		};
		3A52F9B5251CB84500A308AF /* Build configuration list for PBXNativeTarget "TodoeyList" */ = {
			isa = XCConfigurationList;
			buildConfigurations = (
				3A52F9B6251CB84500A308AF /* Debug */,
				3A52F9B7251CB84500A308AF /* Release */,
			);
			defaultConfigurationIsVisible = 0;
			defaultConfigurationName = Release;
		};
/* End XCConfigurationList section */

/* Begin XCVersionGroup section */
		3A52F9AA251CB84200A308AF /* TodoeyList.xcdatamodeld */ = {
			isa = XCVersionGroup;
			children = (
				3A52F9AB251CB84200A308AF /* TodoeyList.xcdatamodel */,
			);
			currentVersion = 3A52F9AB251CB84200A308AF /* TodoeyList.xcdatamodel */;
			path = TodoeyList.xcdatamodeld;
			sourceTree = "<group>";
			versionGroupType = wrapper.xcdatamodel;
		};
/* End XCVersionGroup section */
	};
	rootObject = 3A52F996251CB84200A308AF /* Project object */;
}
